// !$*UTF8*$!
{
	archiveVersion = 1;
	classes = {
	};
	objectVersion = 46;
	objects = {

/* Begin PBXBuildFile section */
		C610C6F91C17C2D000FCD716 /* FeedTableViewController.swift in Sources */ = {isa = PBXBuildFile; fileRef = C610C6F81C17C2D000FCD716 /* FeedTableViewController.swift */; settings = {ASSET_TAGS = (); }; };
		C6725E381BFB75C900E4D3B4 /* AppDelegate.swift in Sources */ = {isa = PBXBuildFile; fileRef = C6725E371BFB75C900E4D3B4 /* AppDelegate.swift */; };
		C6725E3D1BFB75C900E4D3B4 /* Main.storyboard in Resources */ = {isa = PBXBuildFile; fileRef = C6725E3B1BFB75C900E4D3B4 /* Main.storyboard */; };
		C6725E401BFB75C900E4D3B4 /* ChessNews.xcdatamodeld in Sources */ = {isa = PBXBuildFile; fileRef = C6725E3E1BFB75C900E4D3B4 /* ChessNews.xcdatamodeld */; };
		C6725E421BFB75C900E4D3B4 /* Assets.xcassets in Resources */ = {isa = PBXBuildFile; fileRef = C6725E411BFB75C900E4D3B4 /* Assets.xcassets */; };
		C6725E451BFB75C900E4D3B4 /* LaunchScreen.storyboard in Resources */ = {isa = PBXBuildFile; fileRef = C6725E431BFB75C900E4D3B4 /* LaunchScreen.storyboard */; };
/* End PBXBuildFile section */

/* Begin PBXFileReference section */
		C610C6F81C17C2D000FCD716 /* FeedTableViewController.swift */ = {isa = PBXFileReference; fileEncoding = 4; lastKnownFileType = sourcecode.swift; path = FeedTableViewController.swift; sourceTree = "<group>"; };
		C6725E341BFB75C900E4D3B4 /* ChessNews.app */ = {isa = PBXFileReference; explicitFileType = wrapper.application; includeInIndex = 0; path = ChessNews.app; sourceTree = BUILT_PRODUCTS_DIR; };
		C6725E371BFB75C900E4D3B4 /* AppDelegate.swift */ = {isa = PBXFileReference; lastKnownFileType = sourcecode.swift; path = AppDelegate.swift; sourceTree = "<group>"; };
		C6725E3C1BFB75C900E4D3B4 /* Base */ = {isa = PBXFileReference; lastKnownFileType = file.storyboard; name = Base; path = Base.lproj/Main.storyboard; sourceTree = "<group>"; };
		C6725E3F1BFB75C900E4D3B4 /* ChessNews.xcdatamodel */ = {isa = PBXFileReference; lastKnownFileType = wrapper.xcdatamodel; path = ChessNews.xcdatamodel; sourceTree = "<group>"; };
		C6725E411BFB75C900E4D3B4 /* Assets.xcassets */ = {isa = PBXFileReference; lastKnownFileType = folder.assetcatalog; path = Assets.xcassets; sourceTree = "<group>"; };
		C6725E441BFB75C900E4D3B4 /* Base */ = {isa = PBXFileReference; lastKnownFileType = file.storyboard; name = Base; path = Base.lproj/LaunchScreen.storyboard; sourceTree = "<group>"; };
		C6725E461BFB75C900E4D3B4 /* Info.plist */ = {isa = PBXFileReference; lastKnownFileType = text.plist.xml; path = Info.plist; sourceTree = "<group>"; };
/* End PBXFileReference section */

/* Begin PBXFrameworksBuildPhase section */
		C6725E311BFB75C800E4D3B4 /* Frameworks */ = {
			isa = PBXFrameworksBuildPhase;
			buildActionMask = 2147483647;
			files = (
			);
			runOnlyForDeploymentPostprocessing = 0;
		};
/* End PBXFrameworksBuildPhase section */

/* Begin PBXGroup section */
		C6725E2B1BFB75C800E4D3B4 = {
			isa = PBXGroup;
			children = (
				C6725E361BFB75C900E4D3B4 /* ChessNews */,
				C6725E351BFB75C900E4D3B4 /* Products */,
			);
			sourceTree = "<group>";
		};
		C6725E351BFB75C900E4D3B4 /* Products */ = {
			isa = PBXGroup;
			children = (
				C6725E341BFB75C900E4D3B4 /* ChessNews.app */,
			);
			name = Products;
			sourceTree = "<group>";
		};
		C6725E361BFB75C900E4D3B4 /* ChessNews */ = {
			isa = PBXGroup;
			children = (
				C6725E371BFB75C900E4D3B4 /* AppDelegate.swift */,
				C610C6F81C17C2D000FCD716 /* FeedTableViewController.swift */,
				C6725E3B1BFB75C900E4D3B4 /* Main.storyboard */,
				C6725E411BFB75C900E4D3B4 /* Assets.xcassets */,
				C6725E431BFB75C900E4D3B4 /* LaunchScreen.storyboard */,
				C6725E461BFB75C900E4D3B4 /* Info.plist */,
				C6725E3E1BFB75C900E4D3B4 /* ChessNews.xcdatamodeld */,
			);
			path = ChessNews;
			sourceTree = "<group>";
		};
/* End PBXGroup section */

/* Begin PBXNativeTarget section */
		C6725E331BFB75C800E4D3B4 /* ChessNews */ = {
			isa = PBXNativeTarget;
			buildConfigurationList = C6725E491BFB75C900E4D3B4 /* Build configuration list for PBXNativeTarget "ChessNews" */;
			buildPhases = (
				C6725E301BFB75C800E4D3B4 /* Sources */,
				C6725E311BFB75C800E4D3B4 /* Frameworks */,
				C6725E321BFB75C800E4D3B4 /* Resources */,
			);
			buildRules = (
			);
			dependencies = (
			);
			name = ChessNews;
			productName = ChessNews;
			productReference = C6725E341BFB75C900E4D3B4 /* ChessNews.app */;
			productType = "com.apple.product-type.application";
		};
/* End PBXNativeTarget section */

/* Begin PBXProject section */
		C6725E2C1BFB75C800E4D3B4 /* Project object */ = {
			isa = PBXProject;
			attributes = {
				LastUpgradeCheck = 0700;
				ORGANIZATIONNAME = "Frederic Everaert";
				TargetAttributes = {
					C6725E331BFB75C800E4D3B4 = {
						CreatedOnToolsVersion = 7.0.1;
					};
				};
			};
			buildConfigurationList = C6725E2F1BFB75C800E4D3B4 /* Build configuration list for PBXProject "ChessNews" */;
			compatibilityVersion = "Xcode 3.2";
			developmentRegion = English;
			hasScannedForEncodings = 0;
			knownRegions = (
				en,
				Base,
			);
			mainGroup = C6725E2B1BFB75C800E4D3B4;
			productRefGroup = C6725E351BFB75C900E4D3B4 /* Products */;
			projectDirPath = "";
			projectRoot = "";
			targets = (
				C6725E331BFB75C800E4D3B4 /* ChessNews */,
			);
		};
/* End PBXProject section */

/* Begin PBXResourcesBuildPhase section */
		C6725E321BFB75C800E4D3B4 /* Resources */ = {
			isa = PBXResourcesBuildPhase;
			buildActionMask = 2147483647;
			files = (
				C6725E451BFB75C900E4D3B4 /* LaunchScreen.storyboard in Resources */,
				C6725E421BFB75C900E4D3B4 /* Assets.xcassets in Resources */,
				C6725E3D1BFB75C900E4D3B4 /* Main.storyboard in Resources */,
			);
			runOnlyForDeploymentPostprocessing = 0;
		};
/* End PBXResourcesBuildPhase section */

/* Begin PBXSourcesBuildPhase section */
		C6725E301BFB75C800E4D3B4 /* Sources */ = {
			isa = PBXSourcesBuildPhase;
			buildActionMask = 2147483647;
			files = (
				C6725E401BFB75C900E4D3B4 /* ChessNews.xcdatamodeld in Sources */,
				C610C6F91C17C2D000FCD716 /* FeedTableViewController.swift in Sources */,
				C6725E381BFB75C900E4D3B4 /* AppDelegate.swift in Sources */,
			);
			runOnlyForDeploymentPostprocessing = 0;
		};
/* End PBXSourcesBuildPhase section */

/* Begin PBXVariantGroup section */
		C6725E3B1BFB75C900E4D3B4 /* Main.storyboard */ = {
			isa = PBXVariantGroup;
			children = (
				C6725E3C1BFB75C900E4D3B4 /* Base */,
			);
			name = Main.storyboard;
			sourceTree = "<group>";
		};
		C6725E431BFB75C900E4D3B4 /* LaunchScreen.storyboard */ = {
			isa = PBXVariantGroup;
			children = (
				C6725E441BFB75C900E4D3B4 /* Base */,
			);
			name = LaunchScreen.storyboard;
			sourceTree = "<group>";
		};
/* End PBXVariantGroup section */

/* Begin XCBuildConfiguration section */
		C6725E471BFB75C900E4D3B4 /* Debug */ = {
			isa = XCBuildConfiguration;
			buildSettings = {
				ALWAYS_SEARCH_USER_PATHS = NO;
				CLANG_CXX_LANGUAGE_STANDARD = "gnu++0x";
				CLANG_CXX_LIBRARY = "libc++";
				CLANG_ENABLE_MODULES = YES;
				CLANG_ENABLE_OBJC_ARC = YES;
				CLANG_WARN_BOOL_CONVERSION = YES;
				CLANG_WARN_CONSTANT_CONVERSION = YES;
				CLANG_WARN_DIRECT_OBJC_ISA_USAGE = YES_ERROR;
				CLANG_WARN_EMPTY_BODY = YES;
				CLANG_WARN_ENUM_CONVERSION = YES;
				CLANG_WARN_INT_CONVERSION = YES;
				CLANG_WARN_OBJC_ROOT_CLASS = YES_ERROR;
				CLANG_WARN_UNREACHABLE_CODE = YES;
				CLANG_WARN__DUPLICATE_METHOD_MATCH = YES;
				"CODE_SIGN_IDENTITY[sdk=iphoneos*]" = "iPhone Developer";
				COPY_PHASE_STRIP = NO;
				DEBUG_INFORMATION_FORMAT = dwarf;
				ENABLE_STRICT_OBJC_MSGSEND = YES;
				ENABLE_TESTABILITY = YES;
				GCC_C_LANGUAGE_STANDARD = gnu99;
				GCC_DYNAMIC_NO_PIC = NO;
				GCC_NO_COMMON_BLOCKS = YES;
				GCC_OPTIMIZATION_LEVEL = 0;
				GCC_PREPROCESSOR_DEFINITIONS = (
					"DEBUG=1",
					"$(inherited)",
				);
				GCC_WARN_64_TO_32_BIT_CONVERSION = YES;
				GCC_WARN_ABOUT_RETURN_TYPE = YES_ERROR;
				GCC_WARN_UNDECLARED_SELECTOR = YES;
				GCC_WARN_UNINITIALIZED_AUTOS = YES_AGGRESSIVE;
				GCC_WARN_UNUSED_FUNCTION = YES;
				GCC_WARN_UNUSED_VARIABLE = YES;
				IPHONEOS_DEPLOYMENT_TARGET = 9.0;
				MTL_ENABLE_DEBUG_INFO = YES;
				ONLY_ACTIVE_ARCH = YES;
				SDKROOT = iphoneos;
				SWIFT_OPTIMIZATION_LEVEL = "-Onone";
				TARGETED_DEVICE_FAMILY = "1,2";
			};
			name = Debug;
		};
		C6725E481BFB75C900E4D3B4 /* Release */ = {
			isa = XCBuildConfiguration;
			buildSettings = {
				ALWAYS_SEARCH_USER_PATHS = NO;
				CLANG_CXX_LANGUAGE_STANDARD = "gnu++0x";
				CLANG_CXX_LIBRARY = "libc++";
				CLANG_ENABLE_MODULES = YES;
				CLANG_ENABLE_OBJC_ARC = YES;
				CLANG_WARN_BOOL_CONVERSION = YES;
				CLANG_WARN_CONSTANT_CONVERSION = YES;
				CLANG_WARN_DIRECT_OBJC_ISA_USAGE = YES_ERROR;
				CLANG_WARN_EMPTY_BODY = YES;
				CLANG_WARN_ENUM_CONVERSION = YES;
				CLANG_WARN_INT_CONVERSION = YES;
				CLANG_WARN_OBJC_ROOT_CLASS = YES_ERROR;
				CLANG_WARN_UNREACHABLE_CODE = YES;
				CLANG_WARN__DUPLICATE_METHOD_MATCH = YES;
				"CODE_SIGN_IDENTITY[sdk=iphoneos*]" = "iPhone Developer";
				COPY_PHASE_STRIP = NO;
				DEBUG_INFORMATION_FORMAT = "dwarf-with-dsym";
				ENABLE_NS_ASSERTIONS = NO;
				ENABLE_STRICT_OBJC_MSGSEND = YES;
				GCC_C_LANGUAGE_STANDARD = gnu99;
				GCC_NO_COMMON_BLOCKS = YES;
				GCC_WARN_64_TO_32_BIT_CONVERSION = YES;
				GCC_WARN_ABOUT_RETURN_TYPE = YES_ERROR;
				GCC_WARN_UNDECLARED_SELECTOR = YES;
				GCC_WARN_UNINITIALIZED_AUTOS = YES_AGGRESSIVE;
				GCC_WARN_UNUSED_FUNCTION = YES;
				GCC_WARN_UNUSED_VARIABLE = YES;
				IPHONEOS_DEPLOYMENT_TARGET = 9.0;
				MTL_ENABLE_DEBUG_INFO = NO;
				SDKROOT = iphoneos;
				TARGETED_DEVICE_FAMILY = "1,2";
				VALIDATE_PRODUCT = YES;
			};
			name = Release;
		};
		C6725E4A1BFB75C900E4D3B4 /* Debug */ = {
			isa = XCBuildConfiguration;
			buildSettings = {
				ASSETCATALOG_COMPILER_APPICON_NAME = AppIcon;
				INFOPLIST_FILE = ChessNews/Info.plist;
				LD_RUNPATH_SEARCH_PATHS = "$(inherited) @executable_path/Frameworks";
				PRODUCT_BUNDLE_IDENTIFIER = feveraer.ChessNews;
				PRODUCT_NAME = "$(TARGET_NAME)";
			};
			name = Debug;
		};
		C6725E4B1BFB75C900E4D3B4 /* Release */ = {
			isa = XCBuildConfiguration;
			buildSettings = {
				ASSETCATALOG_COMPILER_APPICON_NAME = AppIcon;
				INFOPLIST_FILE = ChessNews/Info.plist;
				LD_RUNPATH_SEARCH_PATHS = "$(inherited) @executable_path/Frameworks";
				PRODUCT_BUNDLE_IDENTIFIER = feveraer.ChessNews;
				PRODUCT_NAME = "$(TARGET_NAME)";
			};
			name = Release;
		};
/* End XCBuildConfiguration section */

/* Begin XCConfigurationList section */
		C6725E2F1BFB75C800E4D3B4 /* Build configuration list for PBXProject "ChessNews" */ = {
			isa = XCConfigurationList;
			buildConfigurations = (
				C6725E471BFB75C900E4D3B4 /* Debug */,
				C6725E481BFB75C900E4D3B4 /* Release */,
			);
			defaultConfigurationIsVisible = 0;
			defaultConfigurationName = Release;
		};
		C6725E491BFB75C900E4D3B4 /* Build configuration list for PBXNativeTarget "ChessNews" */ = {
			isa = XCConfigurationList;
			buildConfigurations = (
				C6725E4A1BFB75C900E4D3B4 /* Debug */,
				C6725E4B1BFB75C900E4D3B4 /* Release */,
			);
			defaultConfigurationIsVisible = 0;
			defaultConfigurationName = Release;
		};
/* End XCConfigurationList section */

/* Begin XCVersionGroup section */
		C6725E3E1BFB75C900E4D3B4 /* ChessNews.xcdatamodeld */ = {
			isa = XCVersionGroup;
			children = (
				C6725E3F1BFB75C900E4D3B4 /* ChessNews.xcdatamodel */,
			);
			currentVersion = C6725E3F1BFB75C900E4D3B4 /* ChessNews.xcdatamodel */;
			path = ChessNews.xcdatamodeld;
			sourceTree = "<group>";
			versionGroupType = wrapper.xcdatamodel;
		};
/* End XCVersionGroup section */
	};
	rootObject = C6725E2C1BFB75C800E4D3B4 /* Project object */;
}
